github.com/TheCacophonyProject/window v0.0.0-20180312020754-4e801cea42c0 h1:9KxfPf2VrMq3SSYUcdnPH+IC0bE+spoxSacXqz9Dlok=
github.com/TheCacophonyProject/window v0.0.0-20180312020754-4e801cea42c0/go.mod h1:Vww417iimOb0s46Ndsm8U/vYtwc0dZUet4uW8QzBo4M=
github.com/alexflint/go-arg v0.0.0-20180205180242-0cc8e30fd64c h1:cyKWDTyLJUbbh5lOXpMh137K+xvq6bE8nAZktVd226U=
github.com/alexflint/go-arg v0.0.0-20180205180242-0cc8e30fd64c/go.mod h1:PHxo6ZWOLVMZZgWSAqBynb/KhIqoGO6WKwOVX7rM9dg=
github.com/alexflint/go-scalar v0.0.0-20170216020425-e80c3b7ed292 h1:0YTMOir1UPjebSvNmIrEKO9FFd+RZc1wwZHUrxfn4BI=
github.com/alexflint/go-scalar v0.0.0-20170216020425-e80c3b7ed292/go.mod h1:dgifnFPveotJNpwJdl1hDPu5vSuqVVUPIr3isfcvgBA=
github.com/davecgh/go-spew v1.1.0 h1:ZDRjVQ15GmhC3fiQ8ni8+OwkZQO4DARzQgrnXU1Liz8=
github.com/davecgh/go-spew v1.1.0/go.mod h1:J7Y8YcW2NihsgmVo/mv3lAwl/skON4iLHjSsI+c5H38=
github.com/godbus/dbus v4.1.0+incompatible h1:WqqLRTsQic3apZUK9qC5sGNfXthmPXzUZ7nQPrNITa4=
github.com/godbus/dbus v4.1.0+incompatible/go.mod h1:/YcGZj5zSblfDWMMoOzV4fas9FZnQYTkDnsGvmh2Grw=
github.com/pmezard/go-difflib v1.0.0 h1:4DBwDE0NGyQoBHbLQYPwSUPoCMWR5BEzIk/f1lZbAQM=
github.com/pmezard/go-difflib v1.0.0/go.mod h1:iKH77koFhYxTK1pcRnkKkqfTogsbg7gZNVY4sRDYZ/4=
github.com/stretchr/objx v0.1.0/go.mod h1:HFkY916IF+rwdDfMAkV7OtwuqBVzrE8GR6GFx+wExME=
github.com/stretchr/testify v1.3.0 h1:TivCn/peBQ7UY8ooIcPgZFpTNSz0Q2U6UrFlUfqbe0Q=
github.com/stretchr/testify v1.3.0/go.mod h1:M5WIy9Dh21IEIfnGCwXGc5bZfKNJtfHm1UVUgZn+9EI=
golang.org/x/sys v0.0.0-20180828065106-d99a578cf41b h1:cmOZLU2i7CLArKNViO+ZCQ47wqYFyKEIpbGWp+b6Uoc=
golang.org/x/sys v0.0.0-20180828065106-d99a578cf41b/go.mod h1:STP8DvDyc/dI5b8T5hshtkjS+E42TnysNCUPdjciGhY=
gopkg.in/check.v1 v0.0.0-20161208181325-20d25e280405 h1:yhCVgyC4o1eVCa2tZl7eS0r+SDo693bJlVdllGtEeKM=
gopkg.in/check.v1 v0.0.0-20161208181325-20d25e280405/go.mod h1:Co6ibVJAznAaIkqp8huTwlJQCZ016jof/cbN4VW5Yz0=
gopkg.in/yaml.v2 v2.2.1 h1:mUhvW9EsL+naU5Q3cakzfE91YhliOondGd6ZrsDBHQE=
gopkg.in/yaml.v2 v2.2.1/go.mod h1:hI93XBmqTisBFMUTm0b8Fm+jr3Dg1NNxqwp+5A1VGuI=
periph.io/x/periph v3.1.0+incompatible h1:Ox5wSL115k5QDPNb1gB+nyKa1Mij+1Tqs21WcUE5oEM=
periph.io/x/periph v3.1.0+incompatible/go.mod h1:EWr+FCIU2dBWz5/wSWeiIUJTriYv9v2j2ENBmgYyy7Y=
