# This file is autogenerated, do not edit; changes may be undone by the next 'dep ensure'.


[[projects]]
  branch = "master"
  name = "github.com/TheCacophonyProject/window"
  packages = ["."]
  revision = "4e801cea42c05fefe582a83e4455e88e62b8711a"

[[projects]]
  branch = "master"
  name = "github.com/alexflint/go-arg"
  packages = ["."]
  revision = "0cc8e30fd64c8c71d094be299ad424da93ef9aed"

[[projects]]
  branch = "master"
  name = "github.com/alexflint/go-scalar"
  packages = ["."]
  revision = "e80c3b7ed292b052c7083b6fd7154a8422c33f65"

[[projects]]
  name = "github.com/godbus/dbus"
  packages = [
    ".",
    "introspect"
  ]
  revision = "a389bdde4dd695d414e47b755e95e72b7826432c"
  version = "v4.1.0"

[[projects]]
  name = "gopkg.in/yaml.v2"
  packages = ["."]
  revision = "5420a8b6744d3b0345ab293f6fcba19c978f1183"
  version = "v2.2.1"

[[projects]]
  name = "periph.io/x/periph"
  packages = [
    ".",
    "conn",
    "conn/gpio",
    "conn/gpio/gpioreg",
    "conn/gpio/gpiostream",
    "conn/i2c",
    "conn/i2c/i2creg",
    "conn/mmr",
    "conn/physic",
    "conn/pin",
    "conn/pin/pinreg",
    "conn/spi",
    "conn/spi/spireg",
    "host",
    "host/allwinner",
    "host/am335x",
    "host/bcm283x",
    "host/beagle/black",
    "host/beagle/bone",
    "host/beagle/green",
    "host/chip",
    "host/cpu",
    "host/distro",
    "host/fs",
    "host/odroidc1",
    "host/pine64",
    "host/pmem",
    "host/rpi",
    "host/sysfs",
    "host/videocore"
  ]
  revision = "f34a1b4e75c5935f6269723ae45eacd0aa1d1a2a"
  version = "v3.1.0"

[solve-meta]
  analyzer-name = "dep"
  analyzer-version = 1
  inputs-digest = "4380616fb655c205a3326ae069984c9c2e772cd7a8b9d1a38e45597afbd46ebe"
  solver-name = "gps-cdcl"
  solver-version = 1
