# This file is autogenerated, do not edit; changes may be undone by the next 'dep ensure'.


[[projects]]
  branch = "master"
  name = "github.com/TheCacophonyProject/window"
  packages = ["."]
  revision = "4e801cea42c05fefe582a83e4455e88e62b8711a"

[[projects]]
  branch = "master"
  name = "github.com/alexflint/go-arg"
  packages = ["."]
  revision = "0cc8e30fd64c8c71d094be299ad424da93ef9aed"

[[projects]]
  branch = "master"
  name = "github.com/alexflint/go-scalar"
  packages = ["."]
  revision = "e80c3b7ed292b052c7083b6fd7154a8422c33f65"

[[projects]]
  name = "github.com/godbus/dbus"
  packages = [
    ".",
    "introspect"
  ]
  revision = "a389bdde4dd695d414e47b755e95e72b7826432c"
  version = "v4.1.0"

[[projects]]
  branch = "master"
  name = "golang.org/x/exp"
  packages = [
    "io/i2c",
    "io/i2c/driver"
  ]
  revision = "8460e604b9de9da5834c9f198cadf9dca4b05cac"

[[projects]]
  name = "gopkg.in/yaml.v2"
  packages = ["."]
  revision = "5420a8b6744d3b0345ab293f6fcba19c978f1183"
  version = "v2.2.1"

[solve-meta]
  analyzer-name = "dep"
  analyzer-version = 1
  inputs-digest = "1e248c915a5c88a06463d9a4dd2e76a5469f83cc1bc849214e41425e7f004715"
  solver-name = "gps-cdcl"
  solver-version = 1
